
Microsoft Visual Studio Solution File, Format Version 12.00
# Visual Studio Version 16
VisualStudioVersion = 16.0.29613.14
MinimumVisualStudioVersion = 10.0.40219.1
Project("{9A19103F-16F7-4668-BE54-9A1E7A4F7556}") = "DomainModels", "DataModel\DomainModels.csproj", "{F562AA87-FC21-4BB8-8DE6-5B5B4BB74FC0}"
EndProject
Project("{9A19103F-16F7-4668-BE54-9A1E7A4F7556}") = "Services", "Services\Services.csproj", "{646EEAAA-410C-4AB8-A1FE-CB9392E7B95A}"
EndProject
Project("{9A19103F-16F7-4668-BE54-9A1E7A4F7556}") = "DataBase", "Repos\DataBase.csproj", "{E3E14C1B-4BBC-4807-9A97-6FB1B532677F}"
EndProject
Project("{9A19103F-16F7-4668-BE54-9A1E7A4F7556}") = "ConsoleView", "ConsoleView\ConsoleView.csproj", "{81AEB8AD-5307-4E4C-BCC5-FBCEB94ACA12}"
EndProject
Project("{2150E333-8FDC-42A3-9474-1A3956D46DE8}") = "Core", "Core", "{D5211419-0771-4532-BD0C-AB049F4EED11}"
EndProject
Project("{2150E333-8FDC-42A3-9474-1A3956D46DE8}") = "Database", "Database", "{F6CE6E18-1AE0-4D00-BA93-6C89257A50C6}"
EndProject
Project("{2150E333-8FDC-42A3-9474-1A3956D46DE8}") = "ConsoleUI", "ConsoleUI", "{591FCF60-4024-40EC-8921-4A93F554EF2A}"
EndProject
Project("{9A19103F-16F7-4668-BE54-9A1E7A4F7556}") = "ViewModels", "ViewModels\ViewModels.csproj", "{81AC9FBE-88C9-44FD-B2C2-7EC200B77972}"
EndProject
Project("{00D1A9C2-B5F0-4AF3-8072-F6C62B433612}") = "SwagonDBProj", "SwagonDBProj\SwagonDBProj.sqlproj", "{58FF9474-9C26-4C83-B190-6B689F05E7B5}"
EndProject
Project("{9A19103F-16F7-4668-BE54-9A1E7A4F7556}") = "Swagon.ResourcesApi", "Swagon.APIs\Swagon.ResourcesApi.csproj", "{0269E094-D9AD-4B77-9DEF-5A6B1BDA0111}"
EndProject
Project("{9A19103F-16F7-4668-BE54-9A1E7A4F7556}") = "Swagon.IdentityServer", "Swagon.IdentityServer\Swagon.IdentityServer.csproj", "{4A032F54-9E9B-42D3-8B2A-3D0AACF7D6F7}"
EndProject
Project("{9A19103F-16F7-4668-BE54-9A1E7A4F7556}") = "Swagon.APIClient", "ClientApi\Swagon.APIClient.csproj", "{9B1704FC-18DA-446A-872F-6EA913186BF7}"
EndProject
Project("{9A19103F-16F7-4668-BE54-9A1E7A4F7556}") = "Swagon.MVC", "Swagon.MVC\Swagon.MVC.csproj", "{49A185F8-4299-4E49-AC92-055D7FCFBD0A}"
EndProject
Project("{9A19103F-16F7-4668-BE54-9A1E7A4F7556}") = "JavaScriptClient", "JavaScriptClient\JavaScriptClient.csproj", "{C1C26427-8576-40F2-AC9C-BE5A1A251BE8}"
EndProject
Project("{2150E333-8FDC-42A3-9474-1A3956D46DE8}") = "Cllients", "Cllients", "{742EC3F3-2F4D-42B8-90B5-029F91150C94}"
EndProject
Global
	GlobalSection(SolutionConfigurationPlatforms) = preSolution
		Debug|Any CPU = Debug|Any CPU
		Release|Any CPU = Release|Any CPU
	EndGlobalSection
	GlobalSection(ProjectConfigurationPlatforms) = postSolution
		{F562AA87-FC21-4BB8-8DE6-5B5B4BB74FC0}.Debug|Any CPU.ActiveCfg = Debug|Any CPU
		{F562AA87-FC21-4BB8-8DE6-5B5B4BB74FC0}.Debug|Any CPU.Build.0 = Debug|Any CPU
		{F562AA87-FC21-4BB8-8DE6-5B5B4BB74FC0}.Release|Any CPU.ActiveCfg = Release|Any CPU
		{F562AA87-FC21-4BB8-8DE6-5B5B4BB74FC0}.Release|Any CPU.Build.0 = Release|Any CPU
		{646EEAAA-410C-4AB8-A1FE-CB9392E7B95A}.Debug|Any CPU.ActiveCfg = Debug|Any CPU
		{646EEAAA-410C-4AB8-A1FE-CB9392E7B95A}.Debug|Any CPU.Build.0 = Debug|Any CPU
		{646EEAAA-410C-4AB8-A1FE-CB9392E7B95A}.Release|Any CPU.ActiveCfg = Release|Any CPU
		{646EEAAA-410C-4AB8-A1FE-CB9392E7B95A}.Release|Any CPU.Build.0 = Release|Any CPU
		{E3E14C1B-4BBC-4807-9A97-6FB1B532677F}.Debug|Any CPU.ActiveCfg = Debug|Any CPU
		{E3E14C1B-4BBC-4807-9A97-6FB1B532677F}.Debug|Any CPU.Build.0 = Debug|Any CPU
		{E3E14C1B-4BBC-4807-9A97-6FB1B532677F}.Release|Any CPU.ActiveCfg = Release|Any CPU
		{E3E14C1B-4BBC-4807-9A97-6FB1B532677F}.Release|Any CPU.Build.0 = Release|Any CPU
		{81AEB8AD-5307-4E4C-BCC5-FBCEB94ACA12}.Debug|Any CPU.ActiveCfg = Debug|Any CPU
		{81AEB8AD-5307-4E4C-BCC5-FBCEB94ACA12}.Debug|Any CPU.Build.0 = Debug|Any CPU
		{81AEB8AD-5307-4E4C-BCC5-FBCEB94ACA12}.Release|Any CPU.ActiveCfg = Release|Any CPU
		{81AEB8AD-5307-4E4C-BCC5-FBCEB94ACA12}.Release|Any CPU.Build.0 = Release|Any CPU
		{81AC9FBE-88C9-44FD-B2C2-7EC200B77972}.Debug|Any CPU.ActiveCfg = Debug|Any CPU
		{81AC9FBE-88C9-44FD-B2C2-7EC200B77972}.Debug|Any CPU.Build.0 = Debug|Any CPU
		{81AC9FBE-88C9-44FD-B2C2-7EC200B77972}.Release|Any CPU.ActiveCfg = Release|Any CPU
		{81AC9FBE-88C9-44FD-B2C2-7EC200B77972}.Release|Any CPU.Build.0 = Release|Any CPU
		{58FF9474-9C26-4C83-B190-6B689F05E7B5}.Debug|Any CPU.ActiveCfg = Debug|Any CPU
		{58FF9474-9C26-4C83-B190-6B689F05E7B5}.Debug|Any CPU.Build.0 = Debug|Any CPU
		{58FF9474-9C26-4C83-B190-6B689F05E7B5}.Debug|Any CPU.Deploy.0 = Debug|Any CPU
		{58FF9474-9C26-4C83-B190-6B689F05E7B5}.Release|Any CPU.ActiveCfg = Release|Any CPU
		{58FF9474-9C26-4C83-B190-6B689F05E7B5}.Release|Any CPU.Build.0 = Release|Any CPU
		{58FF9474-9C26-4C83-B190-6B689F05E7B5}.Release|Any CPU.Deploy.0 = Release|Any CPU
		{0269E094-D9AD-4B77-9DEF-5A6B1BDA0111}.Debug|Any CPU.ActiveCfg = Debug|Any CPU
		{0269E094-D9AD-4B77-9DEF-5A6B1BDA0111}.Debug|Any CPU.Build.0 = Debug|Any CPU
		{0269E094-D9AD-4B77-9DEF-5A6B1BDA0111}.Release|Any CPU.ActiveCfg = Release|Any CPU
		{0269E094-D9AD-4B77-9DEF-5A6B1BDA0111}.Release|Any CPU.Build.0 = Release|Any CPU
		{4A032F54-9E9B-42D3-8B2A-3D0AACF7D6F7}.Debug|Any CPU.ActiveCfg = Debug|Any CPU
		{4A032F54-9E9B-42D3-8B2A-3D0AACF7D6F7}.Debug|Any CPU.Build.0 = Debug|Any CPU
		{4A032F54-9E9B-42D3-8B2A-3D0AACF7D6F7}.Release|Any CPU.ActiveCfg = Release|Any CPU
		{4A032F54-9E9B-42D3-8B2A-3D0AACF7D6F7}.Release|Any CPU.Build.0 = Release|Any CPU
		{9B1704FC-18DA-446A-872F-6EA913186BF7}.Debug|Any CPU.ActiveCfg = Debug|Any CPU
		{9B1704FC-18DA-446A-872F-6EA913186BF7}.Debug|Any CPU.Build.0 = Debug|Any CPU
		{9B1704FC-18DA-446A-872F-6EA913186BF7}.Release|Any CPU.ActiveCfg = Release|Any CPU
		{9B1704FC-18DA-446A-872F-6EA913186BF7}.Release|Any CPU.Build.0 = Release|Any CPU
		{49A185F8-4299-4E49-AC92-055D7FCFBD0A}.Debug|Any CPU.ActiveCfg = Debug|Any CPU
		{49A185F8-4299-4E49-AC92-055D7FCFBD0A}.Debug|Any CPU.Build.0 = Debug|Any CPU
		{49A185F8-4299-4E49-AC92-055D7FCFBD0A}.Release|Any CPU.ActiveCfg = Release|Any CPU
		{49A185F8-4299-4E49-AC92-055D7FCFBD0A}.Release|Any CPU.Build.0 = Release|Any CPU
		{C1C26427-8576-40F2-AC9C-BE5A1A251BE8}.Debug|Any CPU.ActiveCfg = Debug|Any CPU
		{C1C26427-8576-40F2-AC9C-BE5A1A251BE8}.Debug|Any CPU.Build.0 = Debug|Any CPU
		{C1C26427-8576-40F2-AC9C-BE5A1A251BE8}.Release|Any CPU.ActiveCfg = Release|Any CPU
		{C1C26427-8576-40F2-AC9C-BE5A1A251BE8}.Release|Any CPU.Build.0 = Release|Any CPU
	EndGlobalSection
	GlobalSection(SolutionProperties) = preSolution
		HideSolutionNode = FALSE
	EndGlobalSection
	GlobalSection(NestedProjects) = preSolution
		{F562AA87-FC21-4BB8-8DE6-5B5B4BB74FC0} = {D5211419-0771-4532-BD0C-AB049F4EED11}
		{646EEAAA-410C-4AB8-A1FE-CB9392E7B95A} = {D5211419-0771-4532-BD0C-AB049F4EED11}
		{E3E14C1B-4BBC-4807-9A97-6FB1B532677F} = {F6CE6E18-1AE0-4D00-BA93-6C89257A50C6}
		{81AEB8AD-5307-4E4C-BCC5-FBCEB94ACA12} = {591FCF60-4024-40EC-8921-4A93F554EF2A}
		{591FCF60-4024-40EC-8921-4A93F554EF2A} = {742EC3F3-2F4D-42B8-90B5-029F91150C94}
		{81AC9FBE-88C9-44FD-B2C2-7EC200B77972} = {591FCF60-4024-40EC-8921-4A93F554EF2A}
		{58FF9474-9C26-4C83-B190-6B689F05E7B5} = {F6CE6E18-1AE0-4D00-BA93-6C89257A50C6}
		{9B1704FC-18DA-446A-872F-6EA913186BF7} = {742EC3F3-2F4D-42B8-90B5-029F91150C94}
		{49A185F8-4299-4E49-AC92-055D7FCFBD0A} = {742EC3F3-2F4D-42B8-90B5-029F91150C94}
		{C1C26427-8576-40F2-AC9C-BE5A1A251BE8} = {742EC3F3-2F4D-42B8-90B5-029F91150C94}
	EndGlobalSection
	GlobalSection(ExtensibilityGlobals) = postSolution
		SolutionGuid = {C9B46EC3-90A4-4291-8011-EDE9C450D578}
	EndGlobalSection
EndGlobal
